
Microsoft Visual Studio Solution File, Format Version 12.00
# Visual Studio Version 17
VisualStudioVersion = 17.14.36127.28
MinimumVisualStudioVersion = 10.0.40219.1
Project("{FAE04EC0-301F-11D3-BF4B-00C04F79EFBC}") = "EcpClient", "EcpClient\EcpClient.csproj", "{5D19DE86-98F8-4D70-9F8E-81EC56D0F185}"
EndProject
Project("{FAE04EC0-301F-11D3-BF4B-00C04F79EFBC}") = "EcpClient.Tests", "EcpClient.Tests\EcpClient.Tests.csproj", "{121D9233-C9EE-4FA0-97E2-626C90513306}"
EndProject
Global
	GlobalSection(SolutionConfigurationPlatforms) = preSolution
		Debug|Any CPU = Debug|Any CPU
		Release|Any CPU = Release|Any CPU
	EndGlobalSection
	GlobalSection(ProjectConfigurationPlatforms) = postSolution
		{5D19DE86-98F8-4D70-9F8E-81EC56D0F185}.Debug|Any CPU.ActiveCfg = Debug|Any CPU
		{5D19DE86-98F8-4D70-9F8E-81EC56D0F185}.Debug|Any CPU.Build.0 = Debug|Any CPU
		{5D19DE86-98F8-4D70-9F8E-81EC56D0F185}.Release|Any CPU.ActiveCfg = Release|Any CPU
		{5D19DE86-98F8-4D70-9F8E-81EC56D0F185}.Release|Any CPU.Build.0 = Release|Any CPU
		{121D9233-C9EE-4FA0-97E2-626C90513306}.Debug|Any CPU.ActiveCfg = Debug|Any CPU
		{121D9233-C9EE-4FA0-97E2-626C90513306}.Debug|Any CPU.Build.0 = Debug|Any CPU
		{121D9233-C9EE-4FA0-97E2-626C90513306}.Release|Any CPU.ActiveCfg = Release|Any CPU
		{121D9233-C9EE-4FA0-97E2-626C90513306}.Release|Any CPU.Build.0 = Release|Any CPU
	EndGlobalSection
	GlobalSection(SolutionProperties) = preSolution
		HideSolutionNode = FALSE
	EndGlobalSection
	GlobalSection(ExtensibilityGlobals) = postSolution
		SolutionGuid = {AC448982-8D09-40D9-966B-5DE4D86E90EC}
	EndGlobalSection
EndGlobal
